
Microsoft Visual Studio Solution File, Format Version 12.00
Project("{FAE04EC0-301F-11D3-BF4B-00C04F79EFBC}") = "Class-Metotlariyla-Calismak", "Class-Metotlariyla-Calismak\Class-Metotlariyla-Calismak.csproj", "{30F8D6DC-92CF-4E72-BE1B-262598C2C763}"
EndProject
Global
	GlobalSection(SolutionConfigurationPlatforms) = preSolution
		Debug|Any CPU = Debug|Any CPU
		Release|Any CPU = Release|Any CPU
	EndGlobalSection
	GlobalSection(ProjectConfigurationPlatforms) = postSolution
		{30F8D6DC-92CF-4E72-BE1B-262598C2C763}.Debug|Any CPU.ActiveCfg = Debug|Any CPU
		{30F8D6DC-92CF-4E72-BE1B-262598C2C763}.Debug|Any CPU.Build.0 = Debug|Any CPU
		{30F8D6DC-92CF-4E72-BE1B-262598C2C763}.Release|Any CPU.ActiveCfg = Release|Any CPU
		{30F8D6DC-92CF-4E72-BE1B-262598C2C763}.Release|Any CPU.Build.0 = Release|Any CPU
	EndGlobalSection
EndGlobal
